// !$*UTF8*$!
{
	archiveVersion = 1;
	classes = {
	};
	objectVersion = 56;
	objects = {

/* Begin PBXBuildFile section */
		5D3EDAA52BABC901006F5A0B /* FriendView.swift in Sources */ = {isa = PBXBuildFile; fileRef = 5D3EDAA42BABC901006F5A0B /* FriendView.swift */; };
		5D3EDAA72BABC92E006F5A0B /* FriendCell.swift in Sources */ = {isa = PBXBuildFile; fileRef = 5D3EDAA62BABC92E006F5A0B /* FriendCell.swift */; };
		5D3EDAA92BABEF2D006F5A0B /* NotificationView.swift in Sources */ = {isa = PBXBuildFile; fileRef = 5D3EDAA82BABEF2D006F5A0B /* NotificationView.swift */; };
		5D3EDAAB2BABEF8F006F5A0B /* NotificationCell.swift in Sources */ = {isa = PBXBuildFile; fileRef = 5D3EDAAA2BABEF8F006F5A0B /* NotificationCell.swift */; };
		5D4FC8612BA7D31E00E32D7A /* FeedView.swift in Sources */ = {isa = PBXBuildFile; fileRef = 5D4FC8602BA7D31E00E32D7A /* FeedView.swift */; };
		5D4FC8632BA911FC00E32D7A /* FeedCell.swift in Sources */ = {isa = PBXBuildFile; fileRef = 5D4FC8622BA911FC00E32D7A /* FeedCell.swift */; };
		5D7C8A962BA4E80000CCF2A3 /* TikTok_SwiftUIApp.swift in Sources */ = {isa = PBXBuildFile; fileRef = 5D7C8A952BA4E80000CCF2A3 /* TikTok_SwiftUIApp.swift */; };
		5D7C8A982BA4E80000CCF2A3 /* ContentView.swift in Sources */ = {isa = PBXBuildFile; fileRef = 5D7C8A972BA4E80000CCF2A3 /* ContentView.swift */; };
		5D7C8A9A2BA4E80700CCF2A3 /* Assets.xcassets in Resources */ = {isa = PBXBuildFile; fileRef = 5D7C8A992BA4E80700CCF2A3 /* Assets.xcassets */; };
		5D7C8A9E2BA4E80700CCF2A3 /* Preview Assets.xcassets in Resources */ = {isa = PBXBuildFile; fileRef = 5D7C8A9D2BA4E80700CCF2A3 /* Preview Assets.xcassets */; };
		5D7C8AB82BA4F11000CCF2A3 /* MainTabView.swift in Sources */ = {isa = PBXBuildFile; fileRef = 5D7C8AB72BA4F11000CCF2A3 /* MainTabView.swift */; };
/* End PBXBuildFile section */

/* Begin PBXFileReference section */
		5D3EDAA42BABC901006F5A0B /* FriendView.swift */ = {isa = PBXFileReference; lastKnownFileType = sourcecode.swift; path = FriendView.swift; sourceTree = "<group>"; };
		5D3EDAA62BABC92E006F5A0B /* FriendCell.swift */ = {isa = PBXFileReference; lastKnownFileType = sourcecode.swift; path = FriendCell.swift; sourceTree = "<group>"; };
		5D3EDAA82BABEF2D006F5A0B /* NotificationView.swift */ = {isa = PBXFileReference; lastKnownFileType = sourcecode.swift; path = NotificationView.swift; sourceTree = "<group>"; };
		5D3EDAAA2BABEF8F006F5A0B /* NotificationCell.swift */ = {isa = PBXFileReference; lastKnownFileType = sourcecode.swift; path = NotificationCell.swift; sourceTree = "<group>"; };
		5D4FC8602BA7D31E00E32D7A /* FeedView.swift */ = {isa = PBXFileReference; lastKnownFileType = sourcecode.swift; path = FeedView.swift; sourceTree = "<group>"; };
		5D4FC8622BA911FC00E32D7A /* FeedCell.swift */ = {isa = PBXFileReference; lastKnownFileType = sourcecode.swift; path = FeedCell.swift; sourceTree = "<group>"; };
		5D7C8A922BA4E80000CCF2A3 /* TikTok-SwiftUI.app */ = {isa = PBXFileReference; explicitFileType = wrapper.application; includeInIndex = 0; path = "TikTok-SwiftUI.app"; sourceTree = BUILT_PRODUCTS_DIR; };
		5D7C8A952BA4E80000CCF2A3 /* TikTok_SwiftUIApp.swift */ = {isa = PBXFileReference; lastKnownFileType = sourcecode.swift; path = TikTok_SwiftUIApp.swift; sourceTree = "<group>"; };
		5D7C8A972BA4E80000CCF2A3 /* ContentView.swift */ = {isa = PBXFileReference; lastKnownFileType = sourcecode.swift; path = ContentView.swift; sourceTree = "<group>"; };
		5D7C8A992BA4E80700CCF2A3 /* Assets.xcassets */ = {isa = PBXFileReference; lastKnownFileType = folder.assetcatalog; path = Assets.xcassets; sourceTree = "<group>"; };
		5D7C8A9B2BA4E80700CCF2A3 /* TikTok_SwiftUI.entitlements */ = {isa = PBXFileReference; lastKnownFileType = text.plist.entitlements; path = TikTok_SwiftUI.entitlements; sourceTree = "<group>"; };
		5D7C8A9D2BA4E80700CCF2A3 /* Preview Assets.xcassets */ = {isa = PBXFileReference; lastKnownFileType = folder.assetcatalog; path = "Preview Assets.xcassets"; sourceTree = "<group>"; };
		5D7C8AB72BA4F11000CCF2A3 /* MainTabView.swift */ = {isa = PBXFileReference; lastKnownFileType = sourcecode.swift; path = MainTabView.swift; sourceTree = "<group>"; };
/* End PBXFileReference section */

/* Begin PBXFrameworksBuildPhase section */
		5D7C8A8F2BA4E80000CCF2A3 /* Frameworks */ = {
			isa = PBXFrameworksBuildPhase;
			buildActionMask = 2147483647;
			files = (
			);
			runOnlyForDeploymentPostprocessing = 0;
		};
/* End PBXFrameworksBuildPhase section */

/* Begin PBXGroup section */
		5D7C8A892BA4E80000CCF2A3 = {
			isa = PBXGroup;
			children = (
				5D7C8A942BA4E80000CCF2A3 /* TikTok-SwiftUI */,
				5D7C8A932BA4E80000CCF2A3 /* Products */,
			);
			sourceTree = "<group>";
		};
		5D7C8A932BA4E80000CCF2A3 /* Products */ = {
			isa = PBXGroup;
			children = (
				5D7C8A922BA4E80000CCF2A3 /* TikTok-SwiftUI.app */,
			);
			name = Products;
			sourceTree = "<group>";
		};
		5D7C8A942BA4E80000CCF2A3 /* TikTok-SwiftUI */ = {
			isa = PBXGroup;
			children = (
				5D7C8AAA2BA4E85D00CCF2A3 /* App */,
				5D7C8AA92BA4E85B00CCF2A3 /* Core */,
				5D7C8AA82BA4E85900CCF2A3 /* Model */,
				5D7C8AA72BA4E85500CCF2A3 /* Services */,
				5D7C8AA42BA4E84600CCF2A3 /* Utils */,
				5D7C8A952BA4E80000CCF2A3 /* TikTok_SwiftUIApp.swift */,
				5D7C8A992BA4E80700CCF2A3 /* Assets.xcassets */,
				5D7C8A9B2BA4E80700CCF2A3 /* TikTok_SwiftUI.entitlements */,
				5D7C8A9C2BA4E80700CCF2A3 /* Preview Content */,
			);
			path = "TikTok-SwiftUI";
			sourceTree = "<group>";
		};
		5D7C8A9C2BA4E80700CCF2A3 /* Preview Content */ = {
			isa = PBXGroup;
			children = (
				5D7C8A9D2BA4E80700CCF2A3 /* Preview Assets.xcassets */,
			);
			path = "Preview Content";
			sourceTree = "<group>";
		};
		5D7C8AA42BA4E84600CCF2A3 /* Utils */ = {
			isa = PBXGroup;
			children = (
			);
			path = Utils;
			sourceTree = "<group>";
		};
		5D7C8AA72BA4E85500CCF2A3 /* Services */ = {
			isa = PBXGroup;
			children = (
			);
			path = Services;
			sourceTree = "<group>";
		};
		5D7C8AA82BA4E85900CCF2A3 /* Model */ = {
			isa = PBXGroup;
			children = (
			);
			path = Model;
			sourceTree = "<group>";
		};
		5D7C8AA92BA4E85B00CCF2A3 /* Core */ = {
			isa = PBXGroup;
			children = (
				5D7C8AB42BA4F04000CCF2A3 /* Authentication */,
				5D7C8AB32BA4F03F00CCF2A3 /* Comments */,
				5D7C8AB22BA4F03D00CCF2A3 /* Components */,
				5D7C8AB12BA4F03C00CCF2A3 /* Feed */,
				5D7C8AB02BA4F03A00CCF2A3 /* Notifications */,
				5D7C8AAF2BA4F03900CCF2A3 /* Profile */,
				5D7C8AAE2BA4F03600CCF2A3 /* Root */,
				5D7C8AAD2BA4F03500CCF2A3 /* Friends */,
				5D7C8AAC2BA4F03200CCF2A3 /* TabBar */,
				5D7C8AAB2BA4F02D00CCF2A3 /* Upload Media */,
			);
			path = Core;
			sourceTree = "<group>";
		};
		5D7C8AAA2BA4E85D00CCF2A3 /* App */ = {
			isa = PBXGroup;
			children = (
			);
			path = App;
			sourceTree = "<group>";
		};
		5D7C8AAB2BA4F02D00CCF2A3 /* Upload Media */ = {
			isa = PBXGroup;
			children = (
			);
			path = "Upload Media";
			sourceTree = "<group>";
		};
		5D7C8AAC2BA4F03200CCF2A3 /* TabBar */ = {
			isa = PBXGroup;
			children = (
				5D7C8AB72BA4F11000CCF2A3 /* MainTabView.swift */,
			);
			path = TabBar;
			sourceTree = "<group>";
		};
		5D7C8AAD2BA4F03500CCF2A3 /* Friends */ = {
			isa = PBXGroup;
			children = (
				5D3EDAA42BABC901006F5A0B /* FriendView.swift */,
				5D3EDAA62BABC92E006F5A0B /* FriendCell.swift */,
			);
			path = Friends;
			sourceTree = "<group>";
		};
		5D7C8AAE2BA4F03600CCF2A3 /* Root */ = {
			isa = PBXGroup;
			children = (
				5D7C8A972BA4E80000CCF2A3 /* ContentView.swift */,
			);
			path = Root;
			sourceTree = "<group>";
		};
		5D7C8AAF2BA4F03900CCF2A3 /* Profile */ = {
			isa = PBXGroup;
			children = (
			);
			path = Profile;
			sourceTree = "<group>";
		};
		5D7C8AB02BA4F03A00CCF2A3 /* Notifications */ = {
			isa = PBXGroup;
			children = (
				5D3EDAA82BABEF2D006F5A0B /* NotificationView.swift */,
				5D3EDAAA2BABEF8F006F5A0B /* NotificationCell.swift */,
			);
			path = Notifications;
			sourceTree = "<group>";
		};
		5D7C8AB12BA4F03C00CCF2A3 /* Feed */ = {
			isa = PBXGroup;
			children = (
				5D4FC8602BA7D31E00E32D7A /* FeedView.swift */,
				5D4FC8622BA911FC00E32D7A /* FeedCell.swift */,
			);
			path = Feed;
			sourceTree = "<group>";
		};
		5D7C8AB22BA4F03D00CCF2A3 /* Components */ = {
			isa = PBXGroup;
			children = (
			);
			path = Components;
			sourceTree = "<group>";
		};
		5D7C8AB32BA4F03F00CCF2A3 /* Comments */ = {
			isa = PBXGroup;
			children = (
			);
			path = Comments;
			sourceTree = "<group>";
		};
		5D7C8AB42BA4F04000CCF2A3 /* Authentication */ = {
			isa = PBXGroup;
			children = (
			);
			path = Authentication;
			sourceTree = "<group>";
		};
/* End PBXGroup section */

/* Begin PBXNativeTarget section */
		5D7C8A912BA4E80000CCF2A3 /* TikTok-SwiftUI */ = {
			isa = PBXNativeTarget;
			buildConfigurationList = 5D7C8AA12BA4E80700CCF2A3 /* Build configuration list for PBXNativeTarget "TikTok-SwiftUI" */;
			buildPhases = (
				5D7C8A8E2BA4E80000CCF2A3 /* Sources */,
				5D7C8A8F2BA4E80000CCF2A3 /* Frameworks */,
				5D7C8A902BA4E80000CCF2A3 /* Resources */,
			);
			buildRules = (
			);
			dependencies = (
			);
			name = "TikTok-SwiftUI";
			productName = "TikTok-SwiftUI";
			productReference = 5D7C8A922BA4E80000CCF2A3 /* TikTok-SwiftUI.app */;
			productType = "com.apple.product-type.application";
		};
/* End PBXNativeTarget section */

/* Begin PBXProject section */
		5D7C8A8A2BA4E80000CCF2A3 /* Project object */ = {
			isa = PBXProject;
			attributes = {
				BuildIndependentTargetsInParallel = 1;
				LastSwiftUpdateCheck = 1500;
				LastUpgradeCheck = 1500;
				TargetAttributes = {
					5D7C8A912BA4E80000CCF2A3 = {
						CreatedOnToolsVersion = 15.0;
					};
				};
			};
			buildConfigurationList = 5D7C8A8D2BA4E80000CCF2A3 /* Build configuration list for PBXProject "TikTok-SwiftUI" */;
			compatibilityVersion = "Xcode 14.0";
			developmentRegion = en;
			hasScannedForEncodings = 0;
			knownRegions = (
				en,
				Base,
			);
			mainGroup = 5D7C8A892BA4E80000CCF2A3;
			productRefGroup = 5D7C8A932BA4E80000CCF2A3 /* Products */;
			projectDirPath = "";
			projectRoot = "";
			targets = (
				5D7C8A912BA4E80000CCF2A3 /* TikTok-SwiftUI */,
			);
		};
/* End PBXProject section */

/* Begin PBXResourcesBuildPhase section */
		5D7C8A902BA4E80000CCF2A3 /* Resources */ = {
			isa = PBXResourcesBuildPhase;
			buildActionMask = 2147483647;
			files = (
				5D7C8A9E2BA4E80700CCF2A3 /* Preview Assets.xcassets in Resources */,
				5D7C8A9A2BA4E80700CCF2A3 /* Assets.xcassets in Resources */,
			);
			runOnlyForDeploymentPostprocessing = 0;
		};
/* End PBXResourcesBuildPhase section */

/* Begin PBXSourcesBuildPhase section */
		5D7C8A8E2BA4E80000CCF2A3 /* Sources */ = {
			isa = PBXSourcesBuildPhase;
			buildActionMask = 2147483647;
			files = (
				5D3EDAA72BABC92E006F5A0B /* FriendCell.swift in Sources */,
				5D3EDAAB2BABEF8F006F5A0B /* NotificationCell.swift in Sources */,
				5D4FC8612BA7D31E00E32D7A /* FeedView.swift in Sources */,
				5D4FC8632BA911FC00E32D7A /* FeedCell.swift in Sources */,
				5D3EDAA92BABEF2D006F5A0B /* NotificationView.swift in Sources */,
				5D7C8A982BA4E80000CCF2A3 /* ContentView.swift in Sources */,
				5D7C8A962BA4E80000CCF2A3 /* TikTok_SwiftUIApp.swift in Sources */,
				5D3EDAA52BABC901006F5A0B /* FriendView.swift in Sources */,
				5D7C8AB82BA4F11000CCF2A3 /* MainTabView.swift in Sources */,
			);
			runOnlyForDeploymentPostprocessing = 0;
		};
/* End PBXSourcesBuildPhase section */

/* Begin XCBuildConfiguration section */
		5D7C8A9F2BA4E80700CCF2A3 /* Debug */ = {
			isa = XCBuildConfiguration;
			buildSettings = {
				ALWAYS_SEARCH_USER_PATHS = NO;
				ASSETCATALOG_COMPILER_GENERATE_SWIFT_ASSET_SYMBOL_EXTENSIONS = YES;
				CLANG_ANALYZER_NONNULL = YES;
				CLANG_ANALYZER_NUMBER_OBJECT_CONVERSION = YES_AGGRESSIVE;
				CLANG_CXX_LANGUAGE_STANDARD = "gnu++20";
				CLANG_ENABLE_MODULES = YES;
				CLANG_ENABLE_OBJC_ARC = YES;
				CLANG_ENABLE_OBJC_WEAK = YES;
				CLANG_WARN_BLOCK_CAPTURE_AUTORELEASING = YES;
				CLANG_WARN_BOOL_CONVERSION = YES;
				CLANG_WARN_COMMA = YES;
				CLANG_WARN_CONSTANT_CONVERSION = YES;
				CLANG_WARN_DEPRECATED_OBJC_IMPLEMENTATIONS = YES;
				CLANG_WARN_DIRECT_OBJC_ISA_USAGE = YES_ERROR;
				CLANG_WARN_DOCUMENTATION_COMMENTS = YES;
				CLANG_WARN_EMPTY_BODY = YES;
				CLANG_WARN_ENUM_CONVERSION = YES;
				CLANG_WARN_INFINITE_RECURSION = YES;
				CLANG_WARN_INT_CONVERSION = YES;
				CLANG_WARN_NON_LITERAL_NULL_CONVERSION = YES;
				CLANG_WARN_OBJC_IMPLICIT_RETAIN_SELF = YES;
				CLANG_WARN_OBJC_LITERAL_CONVERSION = YES;
				CLANG_WARN_OBJC_ROOT_CLASS = YES_ERROR;
				CLANG_WARN_QUOTED_INCLUDE_IN_FRAMEWORK_HEADER = YES;
				CLANG_WARN_RANGE_LOOP_ANALYSIS = YES;
				CLANG_WARN_STRICT_PROTOTYPES = YES;
				CLANG_WARN_SUSPICIOUS_MOVE = YES;
				CLANG_WARN_UNGUARDED_AVAILABILITY = YES_AGGRESSIVE;
				CLANG_WARN_UNREACHABLE_CODE = YES;
				CLANG_WARN__DUPLICATE_METHOD_MATCH = YES;
				COPY_PHASE_STRIP = NO;
				DEBUG_INFORMATION_FORMAT = dwarf;
				ENABLE_STRICT_OBJC_MSGSEND = YES;
				ENABLE_TESTABILITY = YES;
				ENABLE_USER_SCRIPT_SANDBOXING = YES;
				GCC_C_LANGUAGE_STANDARD = gnu17;
				GCC_DYNAMIC_NO_PIC = NO;
				GCC_NO_COMMON_BLOCKS = YES;
				GCC_OPTIMIZATION_LEVEL = 0;
				GCC_PREPROCESSOR_DEFINITIONS = (
					"DEBUG=1",
					"$(inherited)",
				);
				GCC_WARN_64_TO_32_BIT_CONVERSION = YES;
				GCC_WARN_ABOUT_RETURN_TYPE = YES_ERROR;
				GCC_WARN_UNDECLARED_SELECTOR = YES;
				GCC_WARN_UNINITIALIZED_AUTOS = YES_AGGRESSIVE;
				GCC_WARN_UNUSED_FUNCTION = YES;
				GCC_WARN_UNUSED_VARIABLE = YES;
				LOCALIZATION_PREFERS_STRING_CATALOGS = YES;
				MTL_ENABLE_DEBUG_INFO = INCLUDE_SOURCE;
				MTL_FAST_MATH = YES;
				ONLY_ACTIVE_ARCH = YES;
				SWIFT_ACTIVE_COMPILATION_CONDITIONS = "DEBUG $(inherited)";
				SWIFT_OPTIMIZATION_LEVEL = "-Onone";
			};
			name = Debug;
		};
		5D7C8AA02BA4E80700CCF2A3 /* Release */ = {
			isa = XCBuildConfiguration;
			buildSettings = {
				ALWAYS_SEARCH_USER_PATHS = NO;
				ASSETCATALOG_COMPILER_GENERATE_SWIFT_ASSET_SYMBOL_EXTENSIONS = YES;
				CLANG_ANALYZER_NONNULL = YES;
				CLANG_ANALYZER_NUMBER_OBJECT_CONVERSION = YES_AGGRESSIVE;
				CLANG_CXX_LANGUAGE_STANDARD = "gnu++20";
				CLANG_ENABLE_MODULES = YES;
				CLANG_ENABLE_OBJC_ARC = YES;
				CLANG_ENABLE_OBJC_WEAK = YES;
				CLANG_WARN_BLOCK_CAPTURE_AUTORELEASING = YES;
				CLANG_WARN_BOOL_CONVERSION = YES;
				CLANG_WARN_COMMA = YES;
				CLANG_WARN_CONSTANT_CONVERSION = YES;
				CLANG_WARN_DEPRECATED_OBJC_IMPLEMENTATIONS = YES;
				CLANG_WARN_DIRECT_OBJC_ISA_USAGE = YES_ERROR;
				CLANG_WARN_DOCUMENTATION_COMMENTS = YES;
				CLANG_WARN_EMPTY_BODY = YES;
				CLANG_WARN_ENUM_CONVERSION = YES;
				CLANG_WARN_INFINITE_RECURSION = YES;
				CLANG_WARN_INT_CONVERSION = YES;
				CLANG_WARN_NON_LITERAL_NULL_CONVERSION = YES;
				CLANG_WARN_OBJC_IMPLICIT_RETAIN_SELF = YES;
				CLANG_WARN_OBJC_LITERAL_CONVERSION = YES;
				CLANG_WARN_OBJC_ROOT_CLASS = YES_ERROR;
				CLANG_WARN_QUOTED_INCLUDE_IN_FRAMEWORK_HEADER = YES;
				CLANG_WARN_RANGE_LOOP_ANALYSIS = YES;
				CLANG_WARN_STRICT_PROTOTYPES = YES;
				CLANG_WARN_SUSPICIOUS_MOVE = YES;
				CLANG_WARN_UNGUARDED_AVAILABILITY = YES_AGGRESSIVE;
				CLANG_WARN_UNREACHABLE_CODE = YES;
				CLANG_WARN__DUPLICATE_METHOD_MATCH = YES;
				COPY_PHASE_STRIP = NO;
				DEBUG_INFORMATION_FORMAT = "dwarf-with-dsym";
				ENABLE_NS_ASSERTIONS = NO;
				ENABLE_STRICT_OBJC_MSGSEND = YES;
				ENABLE_USER_SCRIPT_SANDBOXING = YES;
				GCC_C_LANGUAGE_STANDARD = gnu17;
				GCC_NO_COMMON_BLOCKS = YES;
				GCC_WARN_64_TO_32_BIT_CONVERSION = YES;
				GCC_WARN_ABOUT_RETURN_TYPE = YES_ERROR;
				GCC_WARN_UNDECLARED_SELECTOR = YES;
				GCC_WARN_UNINITIALIZED_AUTOS = YES_AGGRESSIVE;
				GCC_WARN_UNUSED_FUNCTION = YES;
				GCC_WARN_UNUSED_VARIABLE = YES;
				LOCALIZATION_PREFERS_STRING_CATALOGS = YES;
				MTL_ENABLE_DEBUG_INFO = NO;
				MTL_FAST_MATH = YES;
				SWIFT_COMPILATION_MODE = wholemodule;
			};
			name = Release;
		};
		5D7C8AA22BA4E80700CCF2A3 /* Debug */ = {
			isa = XCBuildConfiguration;
			buildSettings = {
				ASSETCATALOG_COMPILER_APPICON_NAME = AppIcon;
				ASSETCATALOG_COMPILER_GLOBAL_ACCENT_COLOR_NAME = AccentColor;
				CODE_SIGN_ENTITLEMENTS = "TikTok-SwiftUI/TikTok_SwiftUI.entitlements";
				CODE_SIGN_STYLE = Automatic;
				CURRENT_PROJECT_VERSION = 1;
				DEVELOPMENT_ASSET_PATHS = "\"TikTok-SwiftUI/Preview Content\"";
				DEVELOPMENT_TEAM = P7W8JZ4GWA;
				ENABLE_HARDENED_RUNTIME = YES;
				ENABLE_PREVIEWS = YES;
				GENERATE_INFOPLIST_FILE = YES;
				"INFOPLIST_KEY_UIApplicationSceneManifest_Generation[sdk=iphoneos*]" = YES;
				"INFOPLIST_KEY_UIApplicationSceneManifest_Generation[sdk=iphonesimulator*]" = YES;
				"INFOPLIST_KEY_UIApplicationSupportsIndirectInputEvents[sdk=iphoneos*]" = YES;
				"INFOPLIST_KEY_UIApplicationSupportsIndirectInputEvents[sdk=iphonesimulator*]" = YES;
				"INFOPLIST_KEY_UILaunchScreen_Generation[sdk=iphoneos*]" = YES;
				"INFOPLIST_KEY_UILaunchScreen_Generation[sdk=iphonesimulator*]" = YES;
				"INFOPLIST_KEY_UIStatusBarStyle[sdk=iphoneos*]" = UIStatusBarStyleDefault;
				"INFOPLIST_KEY_UIStatusBarStyle[sdk=iphonesimulator*]" = UIStatusBarStyleDefault;
				INFOPLIST_KEY_UISupportedInterfaceOrientations_iPad = "UIInterfaceOrientationPortrait UIInterfaceOrientationPortraitUpsideDown UIInterfaceOrientationLandscapeLeft UIInterfaceOrientationLandscapeRight";
				INFOPLIST_KEY_UISupportedInterfaceOrientations_iPhone = "UIInterfaceOrientationPortrait UIInterfaceOrientationLandscapeLeft UIInterfaceOrientationLandscapeRight";
				IPHONEOS_DEPLOYMENT_TARGET = 17.0;
				LD_RUNPATH_SEARCH_PATHS = "@executable_path/Frameworks";
				"LD_RUNPATH_SEARCH_PATHS[sdk=macosx*]" = "@executable_path/../Frameworks";
				MACOSX_DEPLOYMENT_TARGET = 13.4;
				MARKETING_VERSION = 1.0;
				PRODUCT_BUNDLE_IDENTIFIER = "chima.TikTok-SwiftUI";
				PRODUCT_NAME = "$(TARGET_NAME)";
				SDKROOT = auto;
				SUPPORTED_PLATFORMS = "iphoneos iphonesimulator macosx";
				SWIFT_EMIT_LOC_STRINGS = YES;
				SWIFT_VERSION = 5.0;
				TARGETED_DEVICE_FAMILY = "1,2";
			};
			name = Debug;
		};
		5D7C8AA32BA4E80700CCF2A3 /* Release */ = {
			isa = XCBuildConfiguration;
			buildSettings = {
				ASSETCATALOG_COMPILER_APPICON_NAME = AppIcon;
				ASSETCATALOG_COMPILER_GLOBAL_ACCENT_COLOR_NAME = AccentColor;
				CODE_SIGN_ENTITLEMENTS = "TikTok-SwiftUI/TikTok_SwiftUI.entitlements";
				CODE_SIGN_STYLE = Automatic;
				CURRENT_PROJECT_VERSION = 1;
				DEVELOPMENT_ASSET_PATHS = "\"TikTok-SwiftUI/Preview Content\"";
				DEVELOPMENT_TEAM = P7W8JZ4GWA;
				ENABLE_HARDENED_RUNTIME = YES;
				ENABLE_PREVIEWS = YES;
				GENERATE_INFOPLIST_FILE = YES;
				"INFOPLIST_KEY_UIApplicationSceneManifest_Generation[sdk=iphoneos*]" = YES;
				"INFOPLIST_KEY_UIApplicationSceneManifest_Generation[sdk=iphonesimulator*]" = YES;
				"INFOPLIST_KEY_UIApplicationSupportsIndirectInputEvents[sdk=iphoneos*]" = YES;
				"INFOPLIST_KEY_UIApplicationSupportsIndirectInputEvents[sdk=iphonesimulator*]" = YES;
				"INFOPLIST_KEY_UILaunchScreen_Generation[sdk=iphoneos*]" = YES;
				"INFOPLIST_KEY_UILaunchScreen_Generation[sdk=iphonesimulator*]" = YES;
				"INFOPLIST_KEY_UIStatusBarStyle[sdk=iphoneos*]" = UIStatusBarStyleDefault;
				"INFOPLIST_KEY_UIStatusBarStyle[sdk=iphonesimulator*]" = UIStatusBarStyleDefault;
				INFOPLIST_KEY_UISupportedInterfaceOrientations_iPad = "UIInterfaceOrientationPortrait UIInterfaceOrientationPortraitUpsideDown UIInterfaceOrientationLandscapeLeft UIInterfaceOrientationLandscapeRight";
				INFOPLIST_KEY_UISupportedInterfaceOrientations_iPhone = "UIInterfaceOrientationPortrait UIInterfaceOrientationLandscapeLeft UIInterfaceOrientationLandscapeRight";
				IPHONEOS_DEPLOYMENT_TARGET = 17.0;
				LD_RUNPATH_SEARCH_PATHS = "@executable_path/Frameworks";
				"LD_RUNPATH_SEARCH_PATHS[sdk=macosx*]" = "@executable_path/../Frameworks";
				MACOSX_DEPLOYMENT_TARGET = 13.4;
				MARKETING_VERSION = 1.0;
				PRODUCT_BUNDLE_IDENTIFIER = "chima.TikTok-SwiftUI";
				PRODUCT_NAME = "$(TARGET_NAME)";
				SDKROOT = auto;
				SUPPORTED_PLATFORMS = "iphoneos iphonesimulator macosx";
				SWIFT_EMIT_LOC_STRINGS = YES;
				SWIFT_VERSION = 5.0;
				TARGETED_DEVICE_FAMILY = "1,2";
			};
			name = Release;
		};
/* End XCBuildConfiguration section */

/* Begin XCConfigurationList section */
		5D7C8A8D2BA4E80000CCF2A3 /* Build configuration list for PBXProject "TikTok-SwiftUI" */ = {
			isa = XCConfigurationList;
			buildConfigurations = (
				5D7C8A9F2BA4E80700CCF2A3 /* Debug */,
				5D7C8AA02BA4E80700CCF2A3 /* Release */,
			);
			defaultConfigurationIsVisible = 0;
			defaultConfigurationName = Release;
		};
		5D7C8AA12BA4E80700CCF2A3 /* Build configuration list for PBXNativeTarget "TikTok-SwiftUI" */ = {
			isa = XCConfigurationList;
			buildConfigurations = (
				5D7C8AA22BA4E80700CCF2A3 /* Debug */,
				5D7C8AA32BA4E80700CCF2A3 /* Release */,
			);
			defaultConfigurationIsVisible = 0;
			defaultConfigurationName = Release;
		};
/* End XCConfigurationList section */
	};
	rootObject = 5D7C8A8A2BA4E80000CCF2A3 /* Project object */;
}
